{
  "requires": true,
  "lockfileVersion": 1,
  "dependencies": {
    "@expo/websql": {
      "version": "1.0.1",
      "resolved": "https://registry.npmjs.org/@expo/websql/-/websql-1.0.1.tgz",
      "integrity": "sha1-//DPnBuqH3D54dZYt8OaQg2bEKk=",
      "requires": {
        "argsarray": "^0.0.1",
        "immediate": "^3.2.2",
        "noop-fn": "^1.0.0",
        "pouchdb-collections": "^1.0.1",
        "tiny-queue": "^0.2.1"
      }
    },
    "@types/websql": {
      "version": "0.0.27",
      "resolved": "https://registry.npmjs.org/@types/websql/-/websql-0.0.27.tgz",
      "integrity": "sha1-Yhpman8CAY58u0q6uVaiVzbCfXE="
    },
    "argsarray": {
      "version": "0.0.1",
      "resolved": "https://registry.npmjs.org/argsarray/-/argsarray-0.0.1.tgz",
      "integrity": "sha1-bnIHtOzbObCviDA/pa4ivajfYcs="
    },
    "expo-file-system": {
      "version": "7.0.0",
      "resolved": "https://registry.npmjs.org/expo-file-system/-/expo-file-system-7.0.0.tgz",
      "integrity": "sha512-ignf5Vf5cPDYO/4HgUkgnL574wMbCNxyazlOvBgV34rLGJzBbFsn++hqC7njr2VTpIIXh2G9vp1+8g6cvsQdqA==",
      "requires": {
        "uuid-js": "^0.7.5"
      }
    },
    "expo-sqlite": {
      "version": "7.0.0",
      "resolved": "https://registry.npmjs.org/expo-sqlite/-/expo-sqlite-7.0.0.tgz",
      "integrity": "sha512-mUA+YiE42sD7jI64kP+Zmhwzk13KoLVSFGJz5HeuAuIoO1EwVlAH4g+RQQye5/NsFM6clVRvKhIxv2L2XIVEcw==",
      "requires": {
        "@expo/websql": "^1.0.1",
        "@types/websql": "^0.0.27",
        "lodash": "^4.17.15"
      }
    },
    "immediate": {
      "version": "3.2.3",
      "resolved": "https://registry.npmjs.org/immediate/-/immediate-3.2.3.tgz",
      "integrity": "sha1-0UD6j2FGWb1lQSMwl92qwlzdmRw="
    },
    "lodash": {
      "version": "4.17.15",
      "resolved": "https://registry.npmjs.org/lodash/-/lodash-4.17.15.tgz",
      "integrity": "sha512-8xOcRHvCjnocdS5cpwXQXVzmmh5e5+saE2QGoeQmbKmRS6J3VQppPOIt0MnmE+4xlZoumy0GPG0D0MVIQbNA1A=="
    },
    "noop-fn": {
      "version": "1.0.0",
      "resolved": "https://registry.npmjs.org/noop-fn/-/noop-fn-1.0.0.tgz",
      "integrity": "sha1-XzPUfxPSFQ35PgywNmmemC94/78="
    },
    "pouchdb-collections": {
      "version": "1.0.1",
      "resolved": "https://registry.npmjs.org/pouchdb-collections/-/pouchdb-collections-1.0.1.tgz",
      "integrity": "sha1-/mOhfal3YRq+98uAJssalVP9g1k="
    },
    "tiny-queue": {
      "version": "0.2.1",
      "resolved": "https://registry.npmjs.org/tiny-queue/-/tiny-queue-0.2.1.tgz",
      "integrity": "sha1-JaZ/LG4lOyypQZd7XvdELvl6YEY="
    },
    "uuid-js": {
      "version": "0.7.5",
      "resolved": "https://registry.npmjs.org/uuid-js/-/uuid-js-0.7.5.tgz",
      "integrity": "sha1-bIhtAqU9LUDc8l2RoXC0p7JblNA="
    }
  }
}
